
Microsoft Visual Studio Solution File, Format Version 12.00
# Visual Studio Version 17
VisualStudioVersion = 17.10.35013.160
MinimumVisualStudioVersion = 10.0.40219.1
Project("{888888A0-9F3D-457C-B088-3A5042F75D52}") = "hotworld_bot", "hotworld_bot.pyproj", "{5BE10516-E58A-49E0-9515-F69E00B2D875}"
EndProject
Global
	GlobalSection(SolutionConfigurationPlatforms) = preSolution
		Debug|Any CPU = Debug|Any CPU
		Release|Any CPU = Release|Any CPU
	EndGlobalSection
	GlobalSection(ProjectConfigurationPlatforms) = postSolution
		{5BE10516-E58A-49E0-9515-F69E00B2D875}.Debug|Any CPU.ActiveCfg = Debug|Any CPU
		{5BE10516-E58A-49E0-9515-F69E00B2D875}.Release|Any CPU.ActiveCfg = Release|Any CPU
	EndGlobalSection
	GlobalSection(SolutionProperties) = preSolution
		HideSolutionNode = FALSE
	EndGlobalSection
	GlobalSection(ExtensibilityGlobals) = postSolution
		SolutionGuid = {8E1778D8-D96F-4E9C-9676-CBB647E2A463}
	EndGlobalSection
EndGlobal
